<?xml version="1.0" encoding="utf-8"?>
<Project ToolsVersion="4.0" xmlns="http://schemas.microsoft.com/developer/msbuild/2003">
  <ItemGroup>
    <Filter Include="Source Files">
      <UniqueIdentifier>{4FC737F1-C7A5-4376-A066-2A32D752A2FF}</UniqueIdentifier>
      <Extensions>cpp;c;cc;cxx;def;odl;idl;hpj;bat;asm;asmx</Extensions>
    </Filter>
    <Filter Include="Header Files">
      <UniqueIdentifier>{93995380-89BD-4b04-88EB-625FBE52EBFB}</UniqueIdentifier>
      <Extensions>h;hh;hpp;hxx;hm;inl;inc;ipp;xsd</Extensions>
    </Filter>
    <Filter Include="Resource Files">
      <UniqueIdentifier>{67DA6AB6-F800-4c08-8B7A-83BB121AAD01}</UniqueIdentifier>
      <Extensions>rc;ico;cur;bmp;dlg;rc2;rct;bin;rgs;gif;jpg;jpeg;jpe;resx;tiff;tif;png;wav;mfcribbon-ms</Extensions>
    </Filter>
  </ItemGroup>
  <ItemGroup>
    <ClCompile Include="main.cpp">
      <Filter>Source Files</Filter>
    </ClCompile>
    <ClCompile Include="sdk\misc\constants.cpp">
      <Filter>Source Files</Filter>
    </ClCompile>
    <ClCompile Include="sdk\misc\interface_cache.cpp">
      <Filter>Source Files</Filter>
    </ClCompile>
    <ClCompile Include="sdk\misc\netvar_cache.cpp">
      <Filter>Source Files</Filter>
    </ClCompile>
    <ClCompile Include="sdk\misc\datamap_cache.cpp">
      <Filter>Source Files</Filter>
    </ClCompile>
    <ClCompile Include="features\glow.cpp">
      <Filter>Source Files</Filter>
    </ClCompile>
    <ClCompile Include="features\nightmode.cpp">
      <Filter>Source Files</Filter>
    </ClCompile>
    <ClCompile Include="hooks\hooks.cpp">
      <Filter>Source Files</Filter>
    </ClCompile>
    <ClCompile Include="hooks\createmove.cpp">
      <Filter>Source Files</Filter>
    </ClCompile>
    <ClCompile Include="sdk\classes\c_csplayer.cpp">
      <Filter>Source Files</Filter>
    </ClCompile>
    <ClCompile Include="sdk\classes\c_baseplayer.cpp">
      <Filter>Source Files</Filter>
    </ClCompile>
    <ClCompile Include="sdk\classes\c_baseentity.cpp">
      <Filter>Source Files</Filter>
    </ClCompile>
    <ClCompile Include="sdk\classes\c_baseanimating.cpp">
      <Filter>Source Files</Filter>
    </ClCompile>
    <ClCompile Include="sdk\classes\iclientnetworkable.cpp">
      <Filter>Source Files</Filter>
    </ClCompile>
    <ClCompile Include="sdk\classes\iclientrenderable.cpp">
      <Filter>Source Files</Filter>
    </ClCompile>
    <ClCompile Include="sdk\classes\c_basecombatcharacter.cpp">
      <Filter>Source Files</Filter>
    </ClCompile>
    <ClCompile Include="sdk\classes\c_basecombatweapon.cpp">
      <Filter>Source Files</Filter>
    </ClCompile>
    <ClCompile Include="sdk\classes\c_weaponcsbase.cpp">
      <Filter>Source Files</Filter>
    </ClCompile>
    <ClCompile Include="sdk\classes\imaterial.cpp">
      <Filter>Source Files</Filter>
    </ClCompile>
    <ClCompile Include="sdk\classes\cglowobjectmanager.cpp">
      <Filter>Source Files</Filter>
    </ClCompile>
    <ClCompile Include="sdk\classes\imodelloader.cpp">
      <Filter>Source Files</Filter>
    </ClCompile>
    <ClCompile Include="sdk\classes\cbaseclientstate.cpp">
      <Filter>Source Files</Filter>
    </ClCompile>
    <ClCompile Include="features\modelchanger.cpp">
      <Filter>Source Files</Filter>
    </ClCompile>
    <ClCompile Include="sdk\classes\c_baseanimatingoverlay.cpp">
      <Filter>Source Files</Filter>
    </ClCompile>
    <ClCompile Include="sdk\interfaces\ivmodelinfo.cpp">
      <Filter>Source Files</Filter>
    </ClCompile>
    <ClCompile Include="sdk\interfaces\ivengineclient.cpp">
      <Filter>Source Files</Filter>
    </ClCompile>
    <ClCompile Include="sdk\interfaces\imdlcache.cpp">
      <Filter>Source Files</Filter>
    </ClCompile>
    <ClCompile Include="sdk\interfaces\imaterialsystem.cpp">
      <Filter>Source Files</Filter>
    </ClCompile>
    <ClCompile Include="sdk\interfaces\icvar.cpp">
      <Filter>Source Files</Filter>
    </ClCompile>
    <ClCompile Include="sdk\interfaces\icliententitylist.cpp">
      <Filter>Source Files</Filter>
    </ClCompile>
    <ClCompile Include="sdk\interfaces\chlclient.cpp">
      <Filter>Source Files</Filter>
    </ClCompile>
    <ClCompile Include="sdk\classes\studio.cpp">
      <Filter>Source Files</Filter>
    </ClCompile>
    <ClCompile Include="config.cpp">
      <Filter>Source Files</Filter>
    </ClCompile>
  </ItemGroup>
  <ItemGroup>
    <ClInclude Include="sdk\misc\constants.h">
      <Filter>Header Files</Filter>
    </ClInclude>
    <ClInclude Include="sdk\misc\interface_cache.h">
      <Filter>Header Files</Filter>
    </ClInclude>
    <ClInclude Include="sdk\misc\netvar_cache.h">
      <Filter>Header Files</Filter>
    </ClInclude>
    <ClInclude Include="sdk\misc\datamap_cache.h">
      <Filter>Header Files</Filter>
    </ClInclude>
    <ClInclude Include="config.h">
      <Filter>Header Files</Filter>
    </ClInclude>
    <ClInclude Include="features\glow.h">
      <Filter>Header Files</Filter>
    </ClInclude>
    <ClInclude Include="features\nightmode.h">
      <Filter>Header Files</Filter>
    </ClInclude>
    <ClInclude Include="hooks\hooks.h">
      <Filter>Header Files</Filter>
    </ClInclude>
    <ClInclude Include="sdk\classes\studio.h">
      <Filter>Header Files</Filter>
    </ClInclude>
    <ClInclude Include="hooks\createmove.h">
      <Filter>Header Files</Filter>
    </ClInclude>
    <ClInclude Include="sdk\classes\c_baseanimatingoverlay.h">
      <Filter>Header Files</Filter>
    </ClInclude>
    <ClInclude Include="sdk\classes\c_baseflex.h">
      <Filter>Header Files</Filter>
    </ClInclude>
    <ClInclude Include="sdk\classes\c_basecombatcharacter.h">
      <Filter>Header Files</Filter>
    </ClInclude>
    <ClInclude Include="sdk\classes\c_baseplayer.h">
      <Filter>Header Files</Filter>
    </ClInclude>
    <ClInclude Include="sdk\classes\c_csplayer.h">
      <Filter>Header Files</Filter>
    </ClInclude>
    <ClInclude Include="sdk\classes\c_baseentity.h">
      <Filter>Header Files</Filter>
    </ClInclude>
    <ClInclude Include="sdk\classes\c_baseanimating.h">
      <Filter>Header Files</Filter>
    </ClInclude>
    <ClInclude Include="sdk\classes\icliententity.h">
      <Filter>Header Files</Filter>
    </ClInclude>
    <ClInclude Include="sdk\classes\iclientnetworkable.h">
      <Filter>Header Files</Filter>
    </ClInclude>
    <ClInclude Include="sdk\classes\iclientrenderable.h">
      <Filter>Header Files</Filter>
    </ClInclude>
    <ClInclude Include="sdk\classes\c_basecombatweapon.h">
      <Filter>Header Files</Filter>
    </ClInclude>
    <ClInclude Include="sdk\classes\c_econentity.h">
      <Filter>Header Files</Filter>
    </ClInclude>
    <ClInclude Include="sdk\classes\c_weaponcsbase.h">
      <Filter>Header Files</Filter>
    </ClInclude>
    <ClInclude Include="sdk\classes\imaterial.h">
      <Filter>Header Files</Filter>
    </ClInclude>
    <ClInclude Include="sdk\classes\cglowobjectmanager.h">
      <Filter>Header Files</Filter>
    </ClInclude>
    <ClInclude Include="sdk\classes\imodelloader.h">
      <Filter>Header Files</Filter>
    </ClInclude>
    <ClInclude Include="sdk\classes\cbaseclientstate.h">
      <Filter>Header Files</Filter>
    </ClInclude>
    <ClInclude Include="features\modelchanger.h">
      <Filter>Header Files</Filter>
    </ClInclude>
    <ClInclude Include="sdk\interfaces\ivmodelinfo.h">
      <Filter>Header Files</Filter>
    </ClInclude>
    <ClInclude Include="sdk\interfaces\ivengineclient.h">
      <Filter>Header Files</Filter>
    </ClInclude>
    <ClInclude Include="sdk\interfaces\imdlcache.h">
      <Filter>Header Files</Filter>
    </ClInclude>
    <ClInclude Include="sdk\interfaces\imaterialsystem.h">
      <Filter>Header Files</Filter>
    </ClInclude>
    <ClInclude Include="sdk\interfaces\ienginetrace.h">
      <Filter>Header Files</Filter>
    </ClInclude>
    <ClInclude Include="sdk\interfaces\icvar.h">
      <Filter>Header Files</Filter>
    </ClInclude>
    <ClInclude Include="sdk\interfaces\icliententitylist.h">
      <Filter>Header Files</Filter>
    </ClInclude>
    <ClInclude Include="sdk\interfaces\chlclient.h">
      <Filter>Header Files</Filter>
    </ClInclude>
    <ClInclude Include="sdk\common.h">
      <Filter>Header Files</Filter>
    </ClInclude>
    <ClInclude Include="sdk\classes\iclientmode.h">
      <Filter>Header Files</Filter>
    </ClInclude>
  </ItemGroup>
</Project>